
Microsoft Visual Studio Solution File, Format Version 12.00
# Visual Studio Version 16
VisualStudioVersion = 16.0.30225.117
MinimumVisualStudioVersion = 10.0.40219.1
Project("{8BC9CEB8-8B4A-11D0-8D11-00A0C91BC942}") = "kuahanshu_use_neicun_0123", "kuahanshu_use_neicun_0123.vcxproj", "{2CFC0058-346D-4E37-B992-90C251ABB000}"
EndProject
Global
	GlobalSection(SolutionConfigurationPlatforms) = preSolution
		Debug|x64 = Debug|x64
		Debug|x86 = Debug|x86
		Release|x64 = Release|x64
		Release|x86 = Release|x86
	EndGlobalSection
	GlobalSection(ProjectConfigurationPlatforms) = postSolution
		{2CFC0058-346D-4E37-B992-90C251ABB000}.Debug|x64.ActiveCfg = Debug|x64
		{2CFC0058-346D-4E37-B992-90C251ABB000}.Debug|x64.Build.0 = Debug|x64
		{2CFC0058-346D-4E37-B992-90C251ABB000}.Debug|x86.ActiveCfg = Debug|Win32
		{2CFC0058-346D-4E37-B992-90C251ABB000}.Debug|x86.Build.0 = Debug|Win32
		{2CFC0058-346D-4E37-B992-90C251ABB000}.Release|x64.ActiveCfg = Release|x64
		{2CFC0058-346D-4E37-B992-90C251ABB000}.Release|x64.Build.0 = Release|x64
		{2CFC0058-346D-4E37-B992-90C251ABB000}.Release|x86.ActiveCfg = Release|Win32
		{2CFC0058-346D-4E37-B992-90C251ABB000}.Release|x86.Build.0 = Release|Win32
	EndGlobalSection
	GlobalSection(SolutionProperties) = preSolution
		HideSolutionNode = FALSE
	EndGlobalSection
	GlobalSection(ExtensibilityGlobals) = postSolution
		SolutionGuid = {44E762AA-5EBF-4BEE-98AC-3283476A8B4D}
	EndGlobalSection
EndGlobal
